# THIS IS AN AUTOGENERATED FILE. DO NOT EDIT THIS FILE DIRECTLY.
# yarn lockfile v1


coffeescript@^2.6.0:
  version "2.6.0"
  resolved "https://registry.yarnpkg.com/coffeescript/-/coffeescript-2.6.0.tgz#927d52aa03df17d445c93c1afb66b081d26e1fa0"
  integrity sha512-gCGXhR72sTAdEr+oZh3FcOj04DrcMc9lZYSJUBNudkQ4tQXuPKE3cvcYVbK/HiVW+zFzLmnZdHexuJ33ufLZOg==

lodash@^4.17.21:
  version "4.17.21"
  resolved "https://registry.yarnpkg.com/lodash/-/lodash-4.17.21.tgz#679591c564c3bffaae8454cf0b3df370c3d6911c"
  integrity sha512-v2kDEe57lecTulaDIuNTPy3Ry4gLGJ6Z1O3vE1krgXZNrsQ+LFTGHVxVjcXPs17LhbZVGedAJv8XZ1tvj5FvSg==

luxon@^2.0.2:
  version "2.0.2"
  resolved "https://registry.yarnpkg.com/luxon/-/luxon-2.0.2.tgz#11f2cd4a11655fdf92e076b5782d7ede5bcdd133"
  integrity sha512-ZRioYLCgRHrtTORaZX1mx+jtxKtKuI5ZDvHNAmqpUzGqSrR+tL4FVLn/CUGMA3h0+AKD1MAxGI5GnCqR5txNqg==
