# THIS IS AN AUTOGENERATED FILE. DO NOT EDIT THIS FILE DIRECTLY.
# yarn lockfile v1


coffeescript@^2.6.0:
  version "2.6.0"
  resolved "https://registry.yarnpkg.com/coffeescript/-/coffeescript-2.6.0.tgz#927d52aa03df17d445c93c1afb66b081d26e1fa0"
  integrity sha512-gCGXhR72sTAdEr+oZh3FcOj04DrcMc9lZYSJUBNudkQ4tQXuPKE3cvcYVbK/HiVW+zFzLmnZdHexuJ33ufLZOg==
